<Solution>
  <Folder Name="/nuget-client/">
    <Project Path="nuget-client/BrevgeneratorClient.Tests.ArchUnit/BrevgeneratorClient.Tests.ArchUnit.csproj" />
    <Project Path="nuget-client/BrevgeneratorClient.Tests/BrevgeneratorClient.Tests.csproj" />
    <Project Path="nuget-client/BrevgeneratorClient/BrevgeneratorClient.csproj" />
    <Project Path="nuget-client/BrevgeneratorClientAdhocTest/BrevgeneratorClientAdhocTest.csproj" />
  </Folder>
</Solution>
