
Microsoft Visual Studio Solution File, Format Version 12.00
# Visual Studio Version 17
VisualStudioVersion = 17.2.32526.322
MinimumVisualStudioVersion = 10.0.40219.1
Project("{9A19103F-16F7-4668-BE54-9A1E7A4F7556}") = "Brevgenerator", "Brevgenerator\Brevgenerator.csproj", "{80451263-D3B0-42A9-ABA0-200491C61F5E}"
EndProject
Project("{9A19103F-16F7-4668-BE54-9A1E7A4F7556}") = "BrevgeneratorTests", "BrevgeneratorTests\BrevgeneratorTests.csproj", "{80CDCD3E-E766-4877-BC11-8B8C60D9D63B}"
EndProject
Global
	GlobalSection(SolutionConfigurationPlatforms) = preSolution
		Debug|Any CPU = Debug|Any CPU
		Release|Any CPU = Release|Any CPU
	EndGlobalSection
	GlobalSection(ProjectConfigurationPlatforms) = postSolution
		{80451263-D3B0-42A9-ABA0-200491C61F5E}.Debug|Any CPU.ActiveCfg = Debug|Any CPU
		{80451263-D3B0-42A9-ABA0-200491C61F5E}.Debug|Any CPU.Build.0 = Debug|Any CPU
		{80451263-D3B0-42A9-ABA0-200491C61F5E}.Release|Any CPU.ActiveCfg = Release|Any CPU
		{80451263-D3B0-42A9-ABA0-200491C61F5E}.Release|Any CPU.Build.0 = Release|Any CPU
		{80CDCD3E-E766-4877-BC11-8B8C60D9D63B}.Debug|Any CPU.ActiveCfg = Debug|Any CPU
		{80CDCD3E-E766-4877-BC11-8B8C60D9D63B}.Debug|Any CPU.Build.0 = Debug|Any CPU
		{80CDCD3E-E766-4877-BC11-8B8C60D9D63B}.Release|Any CPU.ActiveCfg = Release|Any CPU
		{80CDCD3E-E766-4877-BC11-8B8C60D9D63B}.Release|Any CPU.Build.0 = Release|Any CPU
	EndGlobalSection
	GlobalSection(SolutionProperties) = preSolution
		HideSolutionNode = FALSE
	EndGlobalSection
	GlobalSection(ExtensibilityGlobals) = postSolution
		SolutionGuid = {F9EA342D-E11D-45FA-B345-B61778D95712}
	EndGlobalSection
EndGlobal
